
Microsoft Visual Studio Solution File, Format Version 12.00
# Visual Studio 2015
Project("{FAE04EC0-301F-11D3-BF4B-00C04F79EFBC}") = "1503_strutobrax.Plugins", "1503_strutobrax.Plugins.csproj", "{1CFB0846-23CC-782D-2E58-E8B08EA5726F}"
EndProject
Project("{FAE04EC0-301F-11D3-BF4B-00C04F79EFBC}") = "1503_strutobrax", "1503_strutobrax.csproj", "{D07B0138-DBB5-A46B-D95B-E5168D070DA7}"
EndProject
Global
	GlobalSection(SolutionConfigurationPlatforms) = preSolution
		Debug|Any CPU = Debug|Any CPU
		Release|Any CPU = Release|Any CPU
	EndGlobalSection
	GlobalSection(ProjectConfigurationPlatforms) = postSolution
		{1CFB0846-23CC-782D-2E58-E8B08EA5726F}.Debug|Any CPU.ActiveCfg = Debug|Any CPU
		{1CFB0846-23CC-782D-2E58-E8B08EA5726F}.Debug|Any CPU.Build.0 = Debug|Any CPU
		{1CFB0846-23CC-782D-2E58-E8B08EA5726F}.Release|Any CPU.ActiveCfg = Release|Any CPU
		{1CFB0846-23CC-782D-2E58-E8B08EA5726F}.Release|Any CPU.Build.0 = Release|Any CPU
		{D07B0138-DBB5-A46B-D95B-E5168D070DA7}.Debug|Any CPU.ActiveCfg = Debug|Any CPU
		{D07B0138-DBB5-A46B-D95B-E5168D070DA7}.Debug|Any CPU.Build.0 = Debug|Any CPU
		{D07B0138-DBB5-A46B-D95B-E5168D070DA7}.Release|Any CPU.ActiveCfg = Release|Any CPU
		{D07B0138-DBB5-A46B-D95B-E5168D070DA7}.Release|Any CPU.Build.0 = Release|Any CPU
	EndGlobalSection
	GlobalSection(SolutionProperties) = preSolution
		HideSolutionNode = FALSE
	EndGlobalSection
EndGlobal
